// !$*UTF8*$!
{
	archiveVersion = 1;
	classes = {
	};
	objectVersion = 56;
	objects = {

/* Begin PBXBuildFile section */
		945DE19B29CB51E100C55AEC /* Onboard.json in Resources */ = {isa = PBXBuildFile; fileRef = 9475864329C21A0500019824 /* Onboard.json */; };
		945DE1C629CF6C3700C55AEC /* ListController.swift in Sources */ = {isa = PBXBuildFile; fileRef = 945DE1C529CF6C3700C55AEC /* ListController.swift */; };
		945DF74629C2245800D920BD /* Constans.swift in Sources */ = {isa = PBXBuildFile; fileRef = 945DF74529C2245800D920BD /* Constans.swift */; };
		945DF74829C2271400D920BD /* HomeController.swift in Sources */ = {isa = PBXBuildFile; fileRef = 945DF74729C2271400D920BD /* HomeController.swift */; };
		945DF74A29C2272900D920BD /* ArticleController.swift in Sources */ = {isa = PBXBuildFile; fileRef = 945DF74929C2272900D920BD /* ArticleController.swift */; };
		945DF74C29C2293E00D920BD /* NewsFirstCollectionViewCell.swift in Sources */ = {isa = PBXBuildFile; fileRef = 945DF74B29C2293E00D920BD /* NewsFirstCollectionViewCell.swift */; };
		9475862529C071D700019824 /* AppDelegate.swift in Sources */ = {isa = PBXBuildFile; fileRef = 9475862429C071D700019824 /* AppDelegate.swift */; };
		9475862729C071D700019824 /* SceneDelegate.swift in Sources */ = {isa = PBXBuildFile; fileRef = 9475862629C071D700019824 /* SceneDelegate.swift */; };
		9475862929C071D700019824 /* ViewController.swift in Sources */ = {isa = PBXBuildFile; fileRef = 9475862829C071D700019824 /* ViewController.swift */; };
		9475862C29C071D700019824 /* Main.storyboard in Resources */ = {isa = PBXBuildFile; fileRef = 9475862A29C071D700019824 /* Main.storyboard */; };
		9475862F29C071D700019824 /* TheNewsApp.xcdatamodeld in Sources */ = {isa = PBXBuildFile; fileRef = 9475862D29C071D700019824 /* TheNewsApp.xcdatamodeld */; };
		9475863129C071D800019824 /* Assets.xcassets in Resources */ = {isa = PBXBuildFile; fileRef = 9475863029C071D800019824 /* Assets.xcassets */; };
		9475863429C071D800019824 /* LaunchScreen.storyboard in Resources */ = {isa = PBXBuildFile; fileRef = 9475863229C071D800019824 /* LaunchScreen.storyboard */; };
		9475863E29C087F400019824 /* RegisterController.swift in Sources */ = {isa = PBXBuildFile; fileRef = 9475863D29C087F400019824 /* RegisterController.swift */; };
		9475864229C0D41800019824 /* FavoritController.swift in Sources */ = {isa = PBXBuildFile; fileRef = 9475864129C0D41800019824 /* FavoritController.swift */; };
		948DC41629D1138700A6771B /* NewsFavoritCollectionViewCell.swift in Sources */ = {isa = PBXBuildFile; fileRef = 948DC41529D1138700A6771B /* NewsFavoritCollectionViewCell.swift */; };
/* End PBXBuildFile section */

/* Begin PBXFileReference section */
		945DE1C529CF6C3700C55AEC /* ListController.swift */ = {isa = PBXFileReference; lastKnownFileType = sourcecode.swift; path = ListController.swift; sourceTree = "<group>"; };
		945DF74529C2245800D920BD /* Constans.swift */ = {isa = PBXFileReference; lastKnownFileType = sourcecode.swift; path = Constans.swift; sourceTree = "<group>"; };
		945DF74729C2271400D920BD /* HomeController.swift */ = {isa = PBXFileReference; lastKnownFileType = sourcecode.swift; path = HomeController.swift; sourceTree = "<group>"; };
		945DF74929C2272900D920BD /* ArticleController.swift */ = {isa = PBXFileReference; lastKnownFileType = sourcecode.swift; path = ArticleController.swift; sourceTree = "<group>"; };
		945DF74B29C2293E00D920BD /* NewsFirstCollectionViewCell.swift */ = {isa = PBXFileReference; lastKnownFileType = sourcecode.swift; path = NewsFirstCollectionViewCell.swift; sourceTree = "<group>"; };
		9475862129C071D700019824 /* TheNewsApp.app */ = {isa = PBXFileReference; explicitFileType = wrapper.application; includeInIndex = 0; path = TheNewsApp.app; sourceTree = BUILT_PRODUCTS_DIR; };
		9475862429C071D700019824 /* AppDelegate.swift */ = {isa = PBXFileReference; lastKnownFileType = sourcecode.swift; path = AppDelegate.swift; sourceTree = "<group>"; };
		9475862629C071D700019824 /* SceneDelegate.swift */ = {isa = PBXFileReference; lastKnownFileType = sourcecode.swift; path = SceneDelegate.swift; sourceTree = "<group>"; };
		9475862829C071D700019824 /* ViewController.swift */ = {isa = PBXFileReference; lastKnownFileType = sourcecode.swift; path = ViewController.swift; sourceTree = "<group>"; };
		9475862B29C071D700019824 /* Base */ = {isa = PBXFileReference; lastKnownFileType = file.storyboard; name = Base; path = Base.lproj/Main.storyboard; sourceTree = "<group>"; };
		9475862E29C071D700019824 /* TheNewsApp.xcdatamodel */ = {isa = PBXFileReference; lastKnownFileType = wrapper.xcdatamodel; path = TheNewsApp.xcdatamodel; sourceTree = "<group>"; };
		9475863029C071D800019824 /* Assets.xcassets */ = {isa = PBXFileReference; lastKnownFileType = folder.assetcatalog; path = Assets.xcassets; sourceTree = "<group>"; };
		9475863329C071D800019824 /* Base */ = {isa = PBXFileReference; lastKnownFileType = file.storyboard; name = Base; path = Base.lproj/LaunchScreen.storyboard; sourceTree = "<group>"; };
		9475863529C071D800019824 /* Info.plist */ = {isa = PBXFileReference; lastKnownFileType = text.plist.xml; path = Info.plist; sourceTree = "<group>"; };
		9475863D29C087F400019824 /* RegisterController.swift */ = {isa = PBXFileReference; lastKnownFileType = sourcecode.swift; path = RegisterController.swift; sourceTree = "<group>"; };
		9475864129C0D41800019824 /* FavoritController.swift */ = {isa = PBXFileReference; lastKnownFileType = sourcecode.swift; path = FavoritController.swift; sourceTree = "<group>"; };
		9475864329C21A0500019824 /* Onboard.json */ = {isa = PBXFileReference; lastKnownFileType = text.json; path = Onboard.json; sourceTree = "<group>"; };
		948DC41529D1138700A6771B /* NewsFavoritCollectionViewCell.swift */ = {isa = PBXFileReference; lastKnownFileType = sourcecode.swift; path = NewsFavoritCollectionViewCell.swift; sourceTree = "<group>"; };
/* End PBXFileReference section */

/* Begin PBXFrameworksBuildPhase section */
		9475861E29C071D700019824 /* Frameworks */ = {
			isa = PBXFrameworksBuildPhase;
			buildActionMask = 2147483647;
			files = (
			);
			runOnlyForDeploymentPostprocessing = 0;
		};
/* End PBXFrameworksBuildPhase section */

/* Begin PBXGroup section */
		9475861829C071D700019824 = {
			isa = PBXGroup;
			children = (
				9475862329C071D700019824 /* TheNewsApp */,
				9475862229C071D700019824 /* Products */,
			);
			sourceTree = "<group>";
		};
		9475862229C071D700019824 /* Products */ = {
			isa = PBXGroup;
			children = (
				9475862129C071D700019824 /* TheNewsApp.app */,
			);
			name = Products;
			sourceTree = "<group>";
		};
		9475862329C071D700019824 /* TheNewsApp */ = {
			isa = PBXGroup;
			children = (
				9475862429C071D700019824 /* AppDelegate.swift */,
				9475862629C071D700019824 /* SceneDelegate.swift */,
				9475862829C071D700019824 /* ViewController.swift */,
				9475863D29C087F400019824 /* RegisterController.swift */,
				945DF74729C2271400D920BD /* HomeController.swift */,
				945DE1C529CF6C3700C55AEC /* ListController.swift */,
				945DF74929C2272900D920BD /* ArticleController.swift */,
				945DF74B29C2293E00D920BD /* NewsFirstCollectionViewCell.swift */,
				948DC41529D1138700A6771B /* NewsFavoritCollectionViewCell.swift */,
				945DF74529C2245800D920BD /* Constans.swift */,
				9475862A29C071D700019824 /* Main.storyboard */,
				9475864329C21A0500019824 /* Onboard.json */,
				9475863029C071D800019824 /* Assets.xcassets */,
				9475863229C071D800019824 /* LaunchScreen.storyboard */,
				9475863529C071D800019824 /* Info.plist */,
				9475862D29C071D700019824 /* TheNewsApp.xcdatamodeld */,
				9475864129C0D41800019824 /* FavoritController.swift */,
			);
			path = TheNewsApp;
			sourceTree = "<group>";
		};
/* End PBXGroup section */

/* Begin PBXNativeTarget section */
		9475862029C071D700019824 /* TheNewsApp */ = {
			isa = PBXNativeTarget;
			buildConfigurationList = 9475863829C071D800019824 /* Build configuration list for PBXNativeTarget "TheNewsApp" */;
			buildPhases = (
				9475861D29C071D700019824 /* Sources */,
				9475861E29C071D700019824 /* Frameworks */,
				9475861F29C071D700019824 /* Resources */,
			);
			buildRules = (
			);
			dependencies = (
			);
			name = TheNewsApp;
			productName = TheNewsApp;
			productReference = 9475862129C071D700019824 /* TheNewsApp.app */;
			productType = "com.apple.product-type.application";
		};
/* End PBXNativeTarget section */

/* Begin PBXProject section */
		9475861929C071D700019824 /* Project object */ = {
			isa = PBXProject;
			attributes = {
				BuildIndependentTargetsInParallel = 1;
				LastSwiftUpdateCheck = 1420;
				LastUpgradeCheck = 1420;
				TargetAttributes = {
					9475862029C071D700019824 = {
						CreatedOnToolsVersion = 14.2;
					};
				};
			};
			buildConfigurationList = 9475861C29C071D700019824 /* Build configuration list for PBXProject "TheNewsApp" */;
			compatibilityVersion = "Xcode 14.0";
			developmentRegion = en;
			hasScannedForEncodings = 0;
			knownRegions = (
				en,
				Base,
			);
			mainGroup = 9475861829C071D700019824;
			productRefGroup = 9475862229C071D700019824 /* Products */;
			projectDirPath = "";
			projectRoot = "";
			targets = (
				9475862029C071D700019824 /* TheNewsApp */,
			);
		};
/* End PBXProject section */

/* Begin PBXResourcesBuildPhase section */
		9475861F29C071D700019824 /* Resources */ = {
			isa = PBXResourcesBuildPhase;
			buildActionMask = 2147483647;
			files = (
				9475863429C071D800019824 /* LaunchScreen.storyboard in Resources */,
				945DE19B29CB51E100C55AEC /* Onboard.json in Resources */,
				9475863129C071D800019824 /* Assets.xcassets in Resources */,
				9475862C29C071D700019824 /* Main.storyboard in Resources */,
			);
			runOnlyForDeploymentPostprocessing = 0;
		};
/* End PBXResourcesBuildPhase section */

/* Begin PBXSourcesBuildPhase section */
		9475861D29C071D700019824 /* Sources */ = {
			isa = PBXSourcesBuildPhase;
			buildActionMask = 2147483647;
			files = (
				9475862929C071D700019824 /* ViewController.swift in Sources */,
				9475862529C071D700019824 /* AppDelegate.swift in Sources */,
				945DF74629C2245800D920BD /* Constans.swift in Sources */,
				9475863E29C087F400019824 /* RegisterController.swift in Sources */,
				945DF74A29C2272900D920BD /* ArticleController.swift in Sources */,
				945DF74829C2271400D920BD /* HomeController.swift in Sources */,
				945DF74C29C2293E00D920BD /* NewsFirstCollectionViewCell.swift in Sources */,
				9475862F29C071D700019824 /* TheNewsApp.xcdatamodeld in Sources */,
				9475862729C071D700019824 /* SceneDelegate.swift in Sources */,
				948DC41629D1138700A6771B /* NewsFavoritCollectionViewCell.swift in Sources */,
				945DE1C629CF6C3700C55AEC /* ListController.swift in Sources */,
				9475864229C0D41800019824 /* FavoritController.swift in Sources */,
			);
			runOnlyForDeploymentPostprocessing = 0;
		};
/* End PBXSourcesBuildPhase section */

/* Begin PBXVariantGroup section */
		9475862A29C071D700019824 /* Main.storyboard */ = {
			isa = PBXVariantGroup;
			children = (
				9475862B29C071D700019824 /* Base */,
			);
			name = Main.storyboard;
			sourceTree = "<group>";
		};
		9475863229C071D800019824 /* LaunchScreen.storyboard */ = {
			isa = PBXVariantGroup;
			children = (
				9475863329C071D800019824 /* Base */,
			);
			name = LaunchScreen.storyboard;
			sourceTree = "<group>";
		};
/* End PBXVariantGroup section */

/* Begin XCBuildConfiguration section */
		9475863629C071D800019824 /* Debug */ = {
			isa = XCBuildConfiguration;
			buildSettings = {
				ALWAYS_SEARCH_USER_PATHS = NO;
				CLANG_ANALYZER_NONNULL = YES;
				CLANG_ANALYZER_NUMBER_OBJECT_CONVERSION = YES_AGGRESSIVE;
				CLANG_CXX_LANGUAGE_STANDARD = "gnu++20";
				CLANG_ENABLE_MODULES = YES;
				CLANG_ENABLE_OBJC_ARC = YES;
				CLANG_ENABLE_OBJC_WEAK = YES;
				CLANG_WARN_BLOCK_CAPTURE_AUTORELEASING = YES;
				CLANG_WARN_BOOL_CONVERSION = YES;
				CLANG_WARN_COMMA = YES;
				CLANG_WARN_CONSTANT_CONVERSION = YES;
				CLANG_WARN_DEPRECATED_OBJC_IMPLEMENTATIONS = YES;
				CLANG_WARN_DIRECT_OBJC_ISA_USAGE = YES_ERROR;
				CLANG_WARN_DOCUMENTATION_COMMENTS = YES;
				CLANG_WARN_EMPTY_BODY = YES;
				CLANG_WARN_ENUM_CONVERSION = YES;
				CLANG_WARN_INFINITE_RECURSION = YES;
				CLANG_WARN_INT_CONVERSION = YES;
				CLANG_WARN_NON_LITERAL_NULL_CONVERSION = YES;
				CLANG_WARN_OBJC_IMPLICIT_RETAIN_SELF = YES;
				CLANG_WARN_OBJC_LITERAL_CONVERSION = YES;
				CLANG_WARN_OBJC_ROOT_CLASS = YES_ERROR;
				CLANG_WARN_QUOTED_INCLUDE_IN_FRAMEWORK_HEADER = YES;
				CLANG_WARN_RANGE_LOOP_ANALYSIS = YES;
				CLANG_WARN_STRICT_PROTOTYPES = YES;
				CLANG_WARN_SUSPICIOUS_MOVE = YES;
				CLANG_WARN_UNGUARDED_AVAILABILITY = YES_AGGRESSIVE;
				CLANG_WARN_UNREACHABLE_CODE = YES;
				CLANG_WARN__DUPLICATE_METHOD_MATCH = YES;
				COPY_PHASE_STRIP = NO;
				DEBUG_INFORMATION_FORMAT = dwarf;
				ENABLE_STRICT_OBJC_MSGSEND = YES;
				ENABLE_TESTABILITY = YES;
				GCC_C_LANGUAGE_STANDARD = gnu11;
				GCC_DYNAMIC_NO_PIC = NO;
				GCC_NO_COMMON_BLOCKS = YES;
				GCC_OPTIMIZATION_LEVEL = 0;
				GCC_PREPROCESSOR_DEFINITIONS = (
					"DEBUG=1",
					"$(inherited)",
				);
				GCC_WARN_64_TO_32_BIT_CONVERSION = YES;
				GCC_WARN_ABOUT_RETURN_TYPE = YES_ERROR;
				GCC_WARN_UNDECLARED_SELECTOR = YES;
				GCC_WARN_UNINITIALIZED_AUTOS = YES_AGGRESSIVE;
				GCC_WARN_UNUSED_FUNCTION = YES;
				GCC_WARN_UNUSED_VARIABLE = YES;
				IPHONEOS_DEPLOYMENT_TARGET = 16.2;
				MTL_ENABLE_DEBUG_INFO = INCLUDE_SOURCE;
				MTL_FAST_MATH = YES;
				ONLY_ACTIVE_ARCH = YES;
				SDKROOT = iphoneos;
				SWIFT_ACTIVE_COMPILATION_CONDITIONS = DEBUG;
				SWIFT_OPTIMIZATION_LEVEL = "-Onone";
			};
			name = Debug;
		};
		9475863729C071D800019824 /* Release */ = {
			isa = XCBuildConfiguration;
			buildSettings = {
				ALWAYS_SEARCH_USER_PATHS = NO;
				CLANG_ANALYZER_NONNULL = YES;
				CLANG_ANALYZER_NUMBER_OBJECT_CONVERSION = YES_AGGRESSIVE;
				CLANG_CXX_LANGUAGE_STANDARD = "gnu++20";
				CLANG_ENABLE_MODULES = YES;
				CLANG_ENABLE_OBJC_ARC = YES;
				CLANG_ENABLE_OBJC_WEAK = YES;
				CLANG_WARN_BLOCK_CAPTURE_AUTORELEASING = YES;
				CLANG_WARN_BOOL_CONVERSION = YES;
				CLANG_WARN_COMMA = YES;
				CLANG_WARN_CONSTANT_CONVERSION = YES;
				CLANG_WARN_DEPRECATED_OBJC_IMPLEMENTATIONS = YES;
				CLANG_WARN_DIRECT_OBJC_ISA_USAGE = YES_ERROR;
				CLANG_WARN_DOCUMENTATION_COMMENTS = YES;
				CLANG_WARN_EMPTY_BODY = YES;
				CLANG_WARN_ENUM_CONVERSION = YES;
				CLANG_WARN_INFINITE_RECURSION = YES;
				CLANG_WARN_INT_CONVERSION = YES;
				CLANG_WARN_NON_LITERAL_NULL_CONVERSION = YES;
				CLANG_WARN_OBJC_IMPLICIT_RETAIN_SELF = YES;
				CLANG_WARN_OBJC_LITERAL_CONVERSION = YES;
				CLANG_WARN_OBJC_ROOT_CLASS = YES_ERROR;
				CLANG_WARN_QUOTED_INCLUDE_IN_FRAMEWORK_HEADER = YES;
				CLANG_WARN_RANGE_LOOP_ANALYSIS = YES;
				CLANG_WARN_STRICT_PROTOTYPES = YES;
				CLANG_WARN_SUSPICIOUS_MOVE = YES;
				CLANG_WARN_UNGUARDED_AVAILABILITY = YES_AGGRESSIVE;
				CLANG_WARN_UNREACHABLE_CODE = YES;
				CLANG_WARN__DUPLICATE_METHOD_MATCH = YES;
				COPY_PHASE_STRIP = NO;
				DEBUG_INFORMATION_FORMAT = "dwarf-with-dsym";
				ENABLE_NS_ASSERTIONS = NO;
				ENABLE_STRICT_OBJC_MSGSEND = YES;
				GCC_C_LANGUAGE_STANDARD = gnu11;
				GCC_NO_COMMON_BLOCKS = YES;
				GCC_WARN_64_TO_32_BIT_CONVERSION = YES;
				GCC_WARN_ABOUT_RETURN_TYPE = YES_ERROR;
				GCC_WARN_UNDECLARED_SELECTOR = YES;
				GCC_WARN_UNINITIALIZED_AUTOS = YES_AGGRESSIVE;
				GCC_WARN_UNUSED_FUNCTION = YES;
				GCC_WARN_UNUSED_VARIABLE = YES;
				IPHONEOS_DEPLOYMENT_TARGET = 16.2;
				MTL_ENABLE_DEBUG_INFO = NO;
				MTL_FAST_MATH = YES;
				SDKROOT = iphoneos;
				SWIFT_COMPILATION_MODE = wholemodule;
				SWIFT_OPTIMIZATION_LEVEL = "-O";
				VALIDATE_PRODUCT = YES;
			};
			name = Release;
		};
		9475863929C071D800019824 /* Debug */ = {
			isa = XCBuildConfiguration;
			buildSettings = {
				ASSETCATALOG_COMPILER_APPICON_NAME = AppIcon;
				ASSETCATALOG_COMPILER_GLOBAL_ACCENT_COLOR_NAME = AccentColor;
				CODE_SIGN_STYLE = Automatic;
				CURRENT_PROJECT_VERSION = 1;
				DEVELOPMENT_TEAM = Y2KGFDC5BW;
				GENERATE_INFOPLIST_FILE = YES;
				INFOPLIST_FILE = TheNewsApp/Info.plist;
				INFOPLIST_KEY_UIApplicationSupportsIndirectInputEvents = YES;
				INFOPLIST_KEY_UILaunchStoryboardName = LaunchScreen;
				INFOPLIST_KEY_UIMainStoryboardFile = Main;
				INFOPLIST_KEY_UISupportedInterfaceOrientations_iPad = "UIInterfaceOrientationPortrait UIInterfaceOrientationPortraitUpsideDown UIInterfaceOrientationLandscapeLeft UIInterfaceOrientationLandscapeRight";
				INFOPLIST_KEY_UISupportedInterfaceOrientations_iPhone = "UIInterfaceOrientationPortrait UIInterfaceOrientationLandscapeLeft UIInterfaceOrientationLandscapeRight";
				LD_RUNPATH_SEARCH_PATHS = (
					"$(inherited)",
					"@executable_path/Frameworks",
				);
				MARKETING_VERSION = 1.0;
				PRODUCT_BUNDLE_IDENTIFIER = com.arazmuradov.TheNewsApp;
				PRODUCT_NAME = "$(TARGET_NAME)";
				SWIFT_EMIT_LOC_STRINGS = YES;
				SWIFT_VERSION = 5.0;
				TARGETED_DEVICE_FAMILY = "1,2";
			};
			name = Debug;
		};
		9475863A29C071D800019824 /* Release */ = {
			isa = XCBuildConfiguration;
			buildSettings = {
				ASSETCATALOG_COMPILER_APPICON_NAME = AppIcon;
				ASSETCATALOG_COMPILER_GLOBAL_ACCENT_COLOR_NAME = AccentColor;
				CODE_SIGN_STYLE = Automatic;
				CURRENT_PROJECT_VERSION = 1;
				DEVELOPMENT_TEAM = Y2KGFDC5BW;
				GENERATE_INFOPLIST_FILE = YES;
				INFOPLIST_FILE = TheNewsApp/Info.plist;
				INFOPLIST_KEY_UIApplicationSupportsIndirectInputEvents = YES;
				INFOPLIST_KEY_UILaunchStoryboardName = LaunchScreen;
				INFOPLIST_KEY_UIMainStoryboardFile = Main;
				INFOPLIST_KEY_UISupportedInterfaceOrientations_iPad = "UIInterfaceOrientationPortrait UIInterfaceOrientationPortraitUpsideDown UIInterfaceOrientationLandscapeLeft UIInterfaceOrientationLandscapeRight";
				INFOPLIST_KEY_UISupportedInterfaceOrientations_iPhone = "UIInterfaceOrientationPortrait UIInterfaceOrientationLandscapeLeft UIInterfaceOrientationLandscapeRight";
				LD_RUNPATH_SEARCH_PATHS = (
					"$(inherited)",
					"@executable_path/Frameworks",
				);
				MARKETING_VERSION = 1.0;
				PRODUCT_BUNDLE_IDENTIFIER = com.arazmuradov.TheNewsApp;
				PRODUCT_NAME = "$(TARGET_NAME)";
				SWIFT_EMIT_LOC_STRINGS = YES;
				SWIFT_VERSION = 5.0;
				TARGETED_DEVICE_FAMILY = "1,2";
			};
			name = Release;
		};
/* End XCBuildConfiguration section */

/* Begin XCConfigurationList section */
		9475861C29C071D700019824 /* Build configuration list for PBXProject "TheNewsApp" */ = {
			isa = XCConfigurationList;
			buildConfigurations = (
				9475863629C071D800019824 /* Debug */,
				9475863729C071D800019824 /* Release */,
			);
			defaultConfigurationIsVisible = 0;
			defaultConfigurationName = Release;
		};
		9475863829C071D800019824 /* Build configuration list for PBXNativeTarget "TheNewsApp" */ = {
			isa = XCConfigurationList;
			buildConfigurations = (
				9475863929C071D800019824 /* Debug */,
				9475863A29C071D800019824 /* Release */,
			);
			defaultConfigurationIsVisible = 0;
			defaultConfigurationName = Release;
		};
/* End XCConfigurationList section */

/* Begin XCVersionGroup section */
		9475862D29C071D700019824 /* TheNewsApp.xcdatamodeld */ = {
			isa = XCVersionGroup;
			children = (
				9475862E29C071D700019824 /* TheNewsApp.xcdatamodel */,
			);
			currentVersion = 9475862E29C071D700019824 /* TheNewsApp.xcdatamodel */;
			path = TheNewsApp.xcdatamodeld;
			sourceTree = "<group>";
			versionGroupType = wrapper.xcdatamodel;
		};
/* End XCVersionGroup section */
	};
	rootObject = 9475861929C071D700019824 /* Project object */;
}
